
Microsoft Visual Studio Solution File, Format Version 12.00
# Visual Studio Version 17
VisualStudioVersion = 17.1.32228.430
MinimumVisualStudioVersion = 10.0.40219.1
Project("{FAE04EC0-301F-11D3-BF4B-00C04F79EFBC}") = "WebApplication2", "WebApplication2.csproj", "{C6F1E662-748A-4413-BC3B-6A298A48ECF0}"
EndProject
Global
	GlobalSection(SolutionConfigurationPlatforms) = preSolution
		Debug|Any CPU = Debug|Any CPU
		Release|Any CPU = Release|Any CPU
	EndGlobalSection
	GlobalSection(ProjectConfigurationPlatforms) = postSolution
		{C6F1E662-748A-4413-BC3B-6A298A48ECF0}.Debug|Any CPU.ActiveCfg = Debug|Any CPU
		{C6F1E662-748A-4413-BC3B-6A298A48ECF0}.Debug|Any CPU.Build.0 = Debug|Any CPU
		{C6F1E662-748A-4413-BC3B-6A298A48ECF0}.Release|Any CPU.ActiveCfg = Release|Any CPU
		{C6F1E662-748A-4413-BC3B-6A298A48ECF0}.Release|Any CPU.Build.0 = Release|Any CPU
	EndGlobalSection
	GlobalSection(SolutionProperties) = preSolution
		HideSolutionNode = FALSE
	EndGlobalSection
	GlobalSection(ExtensibilityGlobals) = postSolution
		SolutionGuid = {E09A2A8D-C189-41A7-8837-CFCFC05089E7}
	EndGlobalSection
EndGlobal
